
Microsoft Visual Studio Solution File, Format Version 12.00
# Visual Studio Version 17
VisualStudioVersion = 17.3.32819.101
MinimumVisualStudioVersion = 10.0.40219.1
Project("{9A19103F-16F7-4668-BE54-9A1E7A4F7556}") = "DLTNode", "IxianDLT\DLTNode.csproj", "{8C63D6B0-5544-4F24-B3B7-818E3A5D896F}"
EndProject
Project("{9A19103F-16F7-4668-BE54-9A1E7A4F7556}") = "Ixian-UnitTests", "UnitTests\Ixian-UnitTests.csproj", "{EC13DE4C-1D76-46CD-A551-35F795757E42}"
EndProject
Project("{D954291E-2A0B-460D-934E-DC6B0785DB48}") = "IXICore", "..\Ixian-Core\IXICore.shproj", "{80487C64-619A-4B60-97BD-ED7670BF45B3}"
EndProject
Global
	GlobalSection(SolutionConfigurationPlatforms) = preSolution
		Debug|Any CPU = Debug|Any CPU
		Debug|x64 = Debug|x64
		Debug|x86 = Debug|x86
		Release|Any CPU = Release|Any CPU
		Release|x64 = Release|x64
		Release|x86 = Release|x86
	EndGlobalSection
	GlobalSection(ProjectConfigurationPlatforms) = postSolution
		{8C63D6B0-5544-4F24-B3B7-818E3A5D896F}.Debug|Any CPU.ActiveCfg = Debug|Any CPU
		{8C63D6B0-5544-4F24-B3B7-818E3A5D896F}.Debug|Any CPU.Build.0 = Debug|Any CPU
		{8C63D6B0-5544-4F24-B3B7-818E3A5D896F}.Debug|x64.ActiveCfg = Debug|Any CPU
		{8C63D6B0-5544-4F24-B3B7-818E3A5D896F}.Debug|x64.Build.0 = Debug|Any CPU
		{8C63D6B0-5544-4F24-B3B7-818E3A5D896F}.Debug|x86.ActiveCfg = Debug|Any CPU
		{8C63D6B0-5544-4F24-B3B7-818E3A5D896F}.Debug|x86.Build.0 = Debug|Any CPU
		{8C63D6B0-5544-4F24-B3B7-818E3A5D896F}.Release|Any CPU.ActiveCfg = Release|Any CPU
		{8C63D6B0-5544-4F24-B3B7-818E3A5D896F}.Release|Any CPU.Build.0 = Release|Any CPU
		{8C63D6B0-5544-4F24-B3B7-818E3A5D896F}.Release|x64.ActiveCfg = Release|Any CPU
		{8C63D6B0-5544-4F24-B3B7-818E3A5D896F}.Release|x64.Build.0 = Release|Any CPU
		{8C63D6B0-5544-4F24-B3B7-818E3A5D896F}.Release|x86.ActiveCfg = Release|Any CPU
		{8C63D6B0-5544-4F24-B3B7-818E3A5D896F}.Release|x86.Build.0 = Release|Any CPU
		{EC13DE4C-1D76-46CD-A551-35F795757E42}.Debug|Any CPU.ActiveCfg = Debug|Any CPU
		{EC13DE4C-1D76-46CD-A551-35F795757E42}.Debug|Any CPU.Build.0 = Debug|Any CPU
		{EC13DE4C-1D76-46CD-A551-35F795757E42}.Debug|x64.ActiveCfg = Debug|Any CPU
		{EC13DE4C-1D76-46CD-A551-35F795757E42}.Debug|x64.Build.0 = Debug|Any CPU
		{EC13DE4C-1D76-46CD-A551-35F795757E42}.Debug|x86.ActiveCfg = Debug|Any CPU
		{EC13DE4C-1D76-46CD-A551-35F795757E42}.Debug|x86.Build.0 = Debug|Any CPU
		{EC13DE4C-1D76-46CD-A551-35F795757E42}.Release|Any CPU.ActiveCfg = Release|Any CPU
		{EC13DE4C-1D76-46CD-A551-35F795757E42}.Release|x64.ActiveCfg = Release|Any CPU
		{EC13DE4C-1D76-46CD-A551-35F795757E42}.Release|x64.Build.0 = Release|Any CPU
		{EC13DE4C-1D76-46CD-A551-35F795757E42}.Release|x86.ActiveCfg = Release|Any CPU
		{EC13DE4C-1D76-46CD-A551-35F795757E42}.Release|x86.Build.0 = Release|Any CPU
	EndGlobalSection
	GlobalSection(SolutionProperties) = preSolution
		HideSolutionNode = FALSE
	EndGlobalSection
	GlobalSection(ExtensibilityGlobals) = postSolution
		SolutionGuid = {CAF9FD23-2F81-409B-9339-B6172DAD81EA}
	EndGlobalSection
	GlobalSection(SharedMSBuildProjectFiles) = preSolution
		..\Ixian-Core\IXICore.projitems*{80487c64-619a-4b60-97bd-ed7670bf45b3}*SharedItemsImports = 13
		..\Ixian-Core\IXICore.projitems*{8c63d6b0-5544-4f24-b3b7-818e3a5d896f}*SharedItemsImports = 5
	EndGlobalSection
	GlobalSection(Performance) = preSolution
		HasPerformanceSessions = true
	EndGlobalSection
EndGlobal
